
Microsoft Visual Studio Solution File, Format Version 12.00
# Visual Studio Version 17
VisualStudioVersion = 17.6.33829.357
MinimumVisualStudioVersion = 10.0.40219.1
Project("{9A19103F-16F7-4668-BE54-9A1E7A4F7556}") = "Demo3", "Demo3\Demo3.csproj", "{A0BA7154-8797-4E26-986D-B7CDEAD29BBE}"
EndProject
Project("{FAE04EC0-301F-11D3-BF4B-00C04F79EFBC}") = "DemoDAL", "DemoDAL\DemoDAL.csproj", "{3EFB5911-4571-4434-B1FF-DF641A70CD9A}"
EndProject
Project("{FAE04EC0-301F-11D3-BF4B-00C04F79EFBC}") = "DemoBLL", "DemoBLL\DemoBLL.csproj", "{A98DFCED-8651-4F5F-A44A-8CDB00E15C93}"
EndProject
Global
	GlobalSection(SolutionConfigurationPlatforms) = preSolution
		Debug|Any CPU = Debug|Any CPU
		Release|Any CPU = Release|Any CPU
	EndGlobalSection
	GlobalSection(ProjectConfigurationPlatforms) = postSolution
		{A0BA7154-8797-4E26-986D-B7CDEAD29BBE}.Debug|Any CPU.ActiveCfg = Debug|Any CPU
		{A0BA7154-8797-4E26-986D-B7CDEAD29BBE}.Debug|Any CPU.Build.0 = Debug|Any CPU
		{A0BA7154-8797-4E26-986D-B7CDEAD29BBE}.Release|Any CPU.ActiveCfg = Release|Any CPU
		{A0BA7154-8797-4E26-986D-B7CDEAD29BBE}.Release|Any CPU.Build.0 = Release|Any CPU
		{3EFB5911-4571-4434-B1FF-DF641A70CD9A}.Debug|Any CPU.ActiveCfg = Debug|Any CPU
		{3EFB5911-4571-4434-B1FF-DF641A70CD9A}.Debug|Any CPU.Build.0 = Debug|Any CPU
		{3EFB5911-4571-4434-B1FF-DF641A70CD9A}.Release|Any CPU.ActiveCfg = Release|Any CPU
		{3EFB5911-4571-4434-B1FF-DF641A70CD9A}.Release|Any CPU.Build.0 = Release|Any CPU
		{A98DFCED-8651-4F5F-A44A-8CDB00E15C93}.Debug|Any CPU.ActiveCfg = Debug|Any CPU
		{A98DFCED-8651-4F5F-A44A-8CDB00E15C93}.Debug|Any CPU.Build.0 = Debug|Any CPU
		{A98DFCED-8651-4F5F-A44A-8CDB00E15C93}.Release|Any CPU.ActiveCfg = Release|Any CPU
		{A98DFCED-8651-4F5F-A44A-8CDB00E15C93}.Release|Any CPU.Build.0 = Release|Any CPU
	EndGlobalSection
	GlobalSection(SolutionProperties) = preSolution
		HideSolutionNode = FALSE
	EndGlobalSection
	GlobalSection(ExtensibilityGlobals) = postSolution
		SolutionGuid = {AF4FBF9B-3B3B-4090-AD71-4281CB0346CB}
	EndGlobalSection
EndGlobal
